
Microsoft Visual Studio Solution File, Format Version 12.00
# Visual Studio Version 16
VisualStudioVersion = 16.0.31624.102
MinimumVisualStudioVersion = 10.0.40219.1
Project("{FAE04EC0-301F-11D3-BF4B-00C04F79EFBC}") = "IT_Proekt", "IT_Proekt\IT_Proekt.csproj", "{49E157C9-27C0-4399-9287-B3ED762BB0EE}"
EndProject
Global
	GlobalSection(SolutionConfigurationPlatforms) = preSolution
		Debug|Any CPU = Debug|Any CPU
		Release|Any CPU = Release|Any CPU
	EndGlobalSection
	GlobalSection(ProjectConfigurationPlatforms) = postSolution
		{49E157C9-27C0-4399-9287-B3ED762BB0EE}.Debug|Any CPU.ActiveCfg = Debug|Any CPU
		{49E157C9-27C0-4399-9287-B3ED762BB0EE}.Debug|Any CPU.Build.0 = Debug|Any CPU
		{49E157C9-27C0-4399-9287-B3ED762BB0EE}.Release|Any CPU.ActiveCfg = Release|Any CPU
		{49E157C9-27C0-4399-9287-B3ED762BB0EE}.Release|Any CPU.Build.0 = Release|Any CPU
	EndGlobalSection
	GlobalSection(SolutionProperties) = preSolution
		HideSolutionNode = FALSE
	EndGlobalSection
	GlobalSection(ExtensibilityGlobals) = postSolution
		SolutionGuid = {80467BB3-2F31-4F12-8EE2-C6371E63FC54}
	EndGlobalSection
EndGlobal
